
Microsoft Visual Studio Solution File, Format Version 12.00
# Visual Studio Version 16
VisualStudioVersion = 16.0.31729.503
MinimumVisualStudioVersion = 10.0.40219.1
Project("{9A19103F-16F7-4668-BE54-9A1E7A4F7556}") = "AgileActorsCSharpLearning", "AgileActorsCSharpLearning.csproj", "{F36F0D85-8F4F-48ED-A389-F80522799AFB}"
EndProject
Project("{2150E333-8FDC-42A3-9474-1A3956D46DE8}") = "Lesson2", "Lesson2", "{366878D0-38FC-43F2-A76A-FC6846C79B4E}"
EndProject
Project("{2150E333-8FDC-42A3-9474-1A3956D46DE8}") = "Lesson3", "Lesson3", "{C6A29BE1-389B-4E4F-A213-78BBC7D00A0A}"
EndProject
Project("{2150E333-8FDC-42A3-9474-1A3956D46DE8}") = "Exercise1", "Exercise1", "{4706D580-DAB1-472A-AEB0-75FAE2ED9840}"
EndProject
Project("{9A19103F-16F7-4668-BE54-9A1E7A4F7556}") = "Lesson2Exercise1", "..\Lesson2Exercise1\Lesson2Exercise1.csproj", "{0213A7A9-7246-40EE-BFAE-B6DF23ACBE6B}"
EndProject
Project("{2150E333-8FDC-42A3-9474-1A3956D46DE8}") = "Exercise2", "Exercise2", "{4F88269B-70DA-4719-BEA7-CB61C89A6080}"
EndProject
Project("{9A19103F-16F7-4668-BE54-9A1E7A4F7556}") = "Lesson2Exercise2", "..\Lesson2Exercise2\Lesson2Exercise2.csproj", "{CD1B8C14-AFA4-40A4-B50D-D75D5069966E}"
EndProject
Project("{2150E333-8FDC-42A3-9474-1A3956D46DE8}") = "Exercise3", "Exercise3", "{65534CC2-CB63-4256-8544-D5A4B19F3319}"
EndProject
Project("{9A19103F-16F7-4668-BE54-9A1E7A4F7556}") = "Lesson2Exercise3", "..\Lesson2Exercise3\Lesson2Exercise3.csproj", "{FCDE2F83-9E74-4AC4-8450-D0C0BBD17B76}"
EndProject
Project("{2150E333-8FDC-42A3-9474-1A3956D46DE8}") = "Exercise4", "Exercise4", "{FEB58982-D3B0-4946-BE26-0B361A125BCE}"
EndProject
Project("{9A19103F-16F7-4668-BE54-9A1E7A4F7556}") = "Lesson2Exercise4", "..\Lesson2Exercise4\Lesson2Exercise4.csproj", "{6368B364-0CD7-4B23-B1B5-5C4319D82A1D}"
EndProject
Project("{2150E333-8FDC-42A3-9474-1A3956D46DE8}") = "Exercise5", "Exercise5", "{3D5A1B15-AB37-4661-A0EB-797663474335}"
EndProject
Project("{9A19103F-16F7-4668-BE54-9A1E7A4F7556}") = "Lesson2Exercise5", "..\Lesson2Exercise5\Lesson2Exercise5.csproj", "{8AFA82BB-C524-42F9-9F68-D960A24CF382}"
EndProject
Project("{2150E333-8FDC-42A3-9474-1A3956D46DE8}") = "Exercise6", "Exercise6", "{B6F0CA84-53F5-4A62-A4B6-B3F85C1BC3A8}"
EndProject
Project("{9A19103F-16F7-4668-BE54-9A1E7A4F7556}") = "Lesson2Exercise6", "..\Lesson2Exercise6\Lesson2Exercise6.csproj", "{BE623B84-9107-4A7D-9CDE-BCBE8144FDCC}"
EndProject
Project("{2150E333-8FDC-42A3-9474-1A3956D46DE8}") = "Exercise1", "Exercise1", "{D623AC27-2EA0-42C8-A8CF-3CF4B108C87F}"
EndProject
Project("{9A19103F-16F7-4668-BE54-9A1E7A4F7556}") = "Lesson3Exercise1", "..\Lesson3Exercise1\Lesson3Exercise1.csproj", "{32A7A721-A2BD-4DA3-83CF-7869CDA88518}"
EndProject
Project("{FAE04EC0-301F-11D3-BF4B-00C04F79EFBC}") = "Lesson3Exercise2", "..\Lesson3Exercise2\Lesson3Exercise2.csproj", "{AB21B9C6-FDF2-4058-A6D9-70E9A97B7432}"
EndProject
Project("{2150E333-8FDC-42A3-9474-1A3956D46DE8}") = "Exercise2", "Exercise2", "{2A23976B-9DB0-4310-B61F-73BDF4CBAF13}"
EndProject
Project("{2150E333-8FDC-42A3-9474-1A3956D46DE8}") = "Exercise3", "Exercise3", "{A2685BC4-D4A8-474B-8CD7-5678653EA566}"
EndProject
Project("{FAE04EC0-301F-11D3-BF4B-00C04F79EFBC}") = "Lesson3Exercise3", "..\Lesson3Exercise3\Lesson3Exercise3.csproj", "{C7D6A787-E1A9-42A7-8101-1EF4FB62AB99}"
EndProject
Global
	GlobalSection(SolutionConfigurationPlatforms) = preSolution
		Debug|Any CPU = Debug|Any CPU
		Release|Any CPU = Release|Any CPU
	EndGlobalSection
	GlobalSection(ProjectConfigurationPlatforms) = postSolution
		{F36F0D85-8F4F-48ED-A389-F80522799AFB}.Debug|Any CPU.ActiveCfg = Debug|Any CPU
		{F36F0D85-8F4F-48ED-A389-F80522799AFB}.Debug|Any CPU.Build.0 = Debug|Any CPU
		{F36F0D85-8F4F-48ED-A389-F80522799AFB}.Release|Any CPU.ActiveCfg = Release|Any CPU
		{F36F0D85-8F4F-48ED-A389-F80522799AFB}.Release|Any CPU.Build.0 = Release|Any CPU
		{0213A7A9-7246-40EE-BFAE-B6DF23ACBE6B}.Debug|Any CPU.ActiveCfg = Debug|Any CPU
		{0213A7A9-7246-40EE-BFAE-B6DF23ACBE6B}.Debug|Any CPU.Build.0 = Debug|Any CPU
		{0213A7A9-7246-40EE-BFAE-B6DF23ACBE6B}.Release|Any CPU.ActiveCfg = Release|Any CPU
		{0213A7A9-7246-40EE-BFAE-B6DF23ACBE6B}.Release|Any CPU.Build.0 = Release|Any CPU
		{CD1B8C14-AFA4-40A4-B50D-D75D5069966E}.Debug|Any CPU.ActiveCfg = Debug|Any CPU
		{CD1B8C14-AFA4-40A4-B50D-D75D5069966E}.Debug|Any CPU.Build.0 = Debug|Any CPU
		{CD1B8C14-AFA4-40A4-B50D-D75D5069966E}.Release|Any CPU.ActiveCfg = Release|Any CPU
		{CD1B8C14-AFA4-40A4-B50D-D75D5069966E}.Release|Any CPU.Build.0 = Release|Any CPU
		{FCDE2F83-9E74-4AC4-8450-D0C0BBD17B76}.Debug|Any CPU.ActiveCfg = Debug|Any CPU
		{FCDE2F83-9E74-4AC4-8450-D0C0BBD17B76}.Debug|Any CPU.Build.0 = Debug|Any CPU
		{FCDE2F83-9E74-4AC4-8450-D0C0BBD17B76}.Release|Any CPU.ActiveCfg = Release|Any CPU
		{FCDE2F83-9E74-4AC4-8450-D0C0BBD17B76}.Release|Any CPU.Build.0 = Release|Any CPU
		{6368B364-0CD7-4B23-B1B5-5C4319D82A1D}.Debug|Any CPU.ActiveCfg = Debug|Any CPU
		{6368B364-0CD7-4B23-B1B5-5C4319D82A1D}.Debug|Any CPU.Build.0 = Debug|Any CPU
		{6368B364-0CD7-4B23-B1B5-5C4319D82A1D}.Release|Any CPU.ActiveCfg = Release|Any CPU
		{6368B364-0CD7-4B23-B1B5-5C4319D82A1D}.Release|Any CPU.Build.0 = Release|Any CPU
		{8AFA82BB-C524-42F9-9F68-D960A24CF382}.Debug|Any CPU.ActiveCfg = Debug|Any CPU
		{8AFA82BB-C524-42F9-9F68-D960A24CF382}.Debug|Any CPU.Build.0 = Debug|Any CPU
		{8AFA82BB-C524-42F9-9F68-D960A24CF382}.Release|Any CPU.ActiveCfg = Release|Any CPU
		{8AFA82BB-C524-42F9-9F68-D960A24CF382}.Release|Any CPU.Build.0 = Release|Any CPU
		{BE623B84-9107-4A7D-9CDE-BCBE8144FDCC}.Debug|Any CPU.ActiveCfg = Debug|Any CPU
		{BE623B84-9107-4A7D-9CDE-BCBE8144FDCC}.Debug|Any CPU.Build.0 = Debug|Any CPU
		{BE623B84-9107-4A7D-9CDE-BCBE8144FDCC}.Release|Any CPU.ActiveCfg = Release|Any CPU
		{BE623B84-9107-4A7D-9CDE-BCBE8144FDCC}.Release|Any CPU.Build.0 = Release|Any CPU
		{32A7A721-A2BD-4DA3-83CF-7869CDA88518}.Debug|Any CPU.ActiveCfg = Debug|Any CPU
		{32A7A721-A2BD-4DA3-83CF-7869CDA88518}.Debug|Any CPU.Build.0 = Debug|Any CPU
		{32A7A721-A2BD-4DA3-83CF-7869CDA88518}.Release|Any CPU.ActiveCfg = Release|Any CPU
		{32A7A721-A2BD-4DA3-83CF-7869CDA88518}.Release|Any CPU.Build.0 = Release|Any CPU
		{AB21B9C6-FDF2-4058-A6D9-70E9A97B7432}.Debug|Any CPU.ActiveCfg = Debug|Any CPU
		{AB21B9C6-FDF2-4058-A6D9-70E9A97B7432}.Debug|Any CPU.Build.0 = Debug|Any CPU
		{AB21B9C6-FDF2-4058-A6D9-70E9A97B7432}.Release|Any CPU.ActiveCfg = Release|Any CPU
		{AB21B9C6-FDF2-4058-A6D9-70E9A97B7432}.Release|Any CPU.Build.0 = Release|Any CPU
		{C7D6A787-E1A9-42A7-8101-1EF4FB62AB99}.Debug|Any CPU.ActiveCfg = Debug|Any CPU
		{C7D6A787-E1A9-42A7-8101-1EF4FB62AB99}.Debug|Any CPU.Build.0 = Debug|Any CPU
		{C7D6A787-E1A9-42A7-8101-1EF4FB62AB99}.Release|Any CPU.ActiveCfg = Release|Any CPU
		{C7D6A787-E1A9-42A7-8101-1EF4FB62AB99}.Release|Any CPU.Build.0 = Release|Any CPU
	EndGlobalSection
	GlobalSection(SolutionProperties) = preSolution
		HideSolutionNode = FALSE
	EndGlobalSection
	GlobalSection(NestedProjects) = preSolution
		{4706D580-DAB1-472A-AEB0-75FAE2ED9840} = {366878D0-38FC-43F2-A76A-FC6846C79B4E}
		{0213A7A9-7246-40EE-BFAE-B6DF23ACBE6B} = {4706D580-DAB1-472A-AEB0-75FAE2ED9840}
		{4F88269B-70DA-4719-BEA7-CB61C89A6080} = {366878D0-38FC-43F2-A76A-FC6846C79B4E}
		{CD1B8C14-AFA4-40A4-B50D-D75D5069966E} = {4F88269B-70DA-4719-BEA7-CB61C89A6080}
		{65534CC2-CB63-4256-8544-D5A4B19F3319} = {366878D0-38FC-43F2-A76A-FC6846C79B4E}
		{FCDE2F83-9E74-4AC4-8450-D0C0BBD17B76} = {65534CC2-CB63-4256-8544-D5A4B19F3319}
		{FEB58982-D3B0-4946-BE26-0B361A125BCE} = {366878D0-38FC-43F2-A76A-FC6846C79B4E}
		{6368B364-0CD7-4B23-B1B5-5C4319D82A1D} = {FEB58982-D3B0-4946-BE26-0B361A125BCE}
		{3D5A1B15-AB37-4661-A0EB-797663474335} = {366878D0-38FC-43F2-A76A-FC6846C79B4E}
		{8AFA82BB-C524-42F9-9F68-D960A24CF382} = {3D5A1B15-AB37-4661-A0EB-797663474335}
		{B6F0CA84-53F5-4A62-A4B6-B3F85C1BC3A8} = {366878D0-38FC-43F2-A76A-FC6846C79B4E}
		{BE623B84-9107-4A7D-9CDE-BCBE8144FDCC} = {B6F0CA84-53F5-4A62-A4B6-B3F85C1BC3A8}
		{D623AC27-2EA0-42C8-A8CF-3CF4B108C87F} = {C6A29BE1-389B-4E4F-A213-78BBC7D00A0A}
		{32A7A721-A2BD-4DA3-83CF-7869CDA88518} = {D623AC27-2EA0-42C8-A8CF-3CF4B108C87F}
		{AB21B9C6-FDF2-4058-A6D9-70E9A97B7432} = {2A23976B-9DB0-4310-B61F-73BDF4CBAF13}
		{2A23976B-9DB0-4310-B61F-73BDF4CBAF13} = {C6A29BE1-389B-4E4F-A213-78BBC7D00A0A}
		{A2685BC4-D4A8-474B-8CD7-5678653EA566} = {C6A29BE1-389B-4E4F-A213-78BBC7D00A0A}
		{C7D6A787-E1A9-42A7-8101-1EF4FB62AB99} = {A2685BC4-D4A8-474B-8CD7-5678653EA566}
	EndGlobalSection
	GlobalSection(ExtensibilityGlobals) = postSolution
		SolutionGuid = {CF748893-0CDB-4B65-AF1C-ECB38CCCD91F}
	EndGlobalSection
EndGlobal
